
Microsoft Visual Studio Solution File, Format Version 12.00
# Visual Studio 15
VisualStudioVersion = 15.0.28307.136
MinimumVisualStudioVersion = 10.0.40219.1
Project("{FAE04EC0-301F-11D3-BF4B-00C04F79EFBC}") = "StockTrackingSystem", "StockTrackingSystem\StockTrackingSystem.csproj", "{BA2E6DB0-72D9-4D55-AED6-4E63098AFE1C}"
EndProject
Project("{FAE04EC0-301F-11D3-BF4B-00C04F79EFBC}") = "StockTrackingSystemTests.Test", "StockTrackingSystemTests.Test\StockTrackingSystemTests.Test.csproj", "{F4C65AE8-5B59-4C5C-AF75-C54D7B7B587E}"
EndProject
Global
	GlobalSection(SolutionConfigurationPlatforms) = preSolution
		Debug|Any CPU = Debug|Any CPU
		Release|Any CPU = Release|Any CPU
	EndGlobalSection
	GlobalSection(ProjectConfigurationPlatforms) = postSolution
		{BA2E6DB0-72D9-4D55-AED6-4E63098AFE1C}.Debug|Any CPU.ActiveCfg = Debug|Any CPU
		{BA2E6DB0-72D9-4D55-AED6-4E63098AFE1C}.Debug|Any CPU.Build.0 = Debug|Any CPU
		{BA2E6DB0-72D9-4D55-AED6-4E63098AFE1C}.Release|Any CPU.ActiveCfg = Release|Any CPU
		{BA2E6DB0-72D9-4D55-AED6-4E63098AFE1C}.Release|Any CPU.Build.0 = Release|Any CPU
		{F4C65AE8-5B59-4C5C-AF75-C54D7B7B587E}.Debug|Any CPU.ActiveCfg = Debug|Any CPU
		{F4C65AE8-5B59-4C5C-AF75-C54D7B7B587E}.Debug|Any CPU.Build.0 = Debug|Any CPU
		{F4C65AE8-5B59-4C5C-AF75-C54D7B7B587E}.Release|Any CPU.ActiveCfg = Release|Any CPU
		{F4C65AE8-5B59-4C5C-AF75-C54D7B7B587E}.Release|Any CPU.Build.0 = Release|Any CPU
	EndGlobalSection
	GlobalSection(SolutionProperties) = preSolution
		HideSolutionNode = FALSE
	EndGlobalSection
	GlobalSection(ExtensibilityGlobals) = postSolution
		SolutionGuid = {1F98E362-81D6-4D47-B02C-66FF256D8EA0}
	EndGlobalSection
EndGlobal
